# THIS IS AN AUTOGENERATED FILE. DO NOT EDIT THIS FILE DIRECTLY.
# yarn lockfile v1


"@babel/runtime@^7.11.2":
  version "7.11.2"
  resolved "https://registry.yarnpkg.com/@babel/runtime/-/runtime-7.11.2.tgz#f549c13c754cc40b87644b9fa9f09a6a95fe0736"
  integrity sha512-TeWkU52so0mPtDcaCTxNBI/IHiz0pZgr8VEFqXFtZWpYD08ZB6FaSwVAS8MKRQAP3bYKiVjwysOJgMFY28o6Tw==
  dependencies:
    regenerator-runtime "^0.13.4"

automation-events@^2.0.19:
  version "2.0.19"
  resolved "https://registry.yarnpkg.com/automation-events/-/automation-events-2.0.19.tgz#b9969baee3897ded9d5f4ba9cfb4b18565176b12"
  integrity sha512-6RUNmFkmTYXq/W+ovdwLdqqj44rGh9+dGjg4qLaktVHYT1+c+PdlYAkaCn/H2AaqprW9NZhK+jsXT4t8izPV+w==
  dependencies:
    "@babel/runtime" "^7.11.2"
    tslib "^2.0.1"

regenerator-runtime@^0.13.4:
  version "0.13.7"
  resolved "https://registry.yarnpkg.com/regenerator-runtime/-/regenerator-runtime-0.13.7.tgz#cac2dacc8a1ea675feaabaeb8ae833898ae46f55"
  integrity sha512-a54FxoJDIr27pgf7IgeQGxmqUNYrcV338lf/6gH456HZ/PhX+5BcwHXG9ajESmwe6WRO0tAzRUrRmNONWgkrew==

standardized-audio-context@^24.1.5:
  version "24.1.26"
  resolved "https://registry.yarnpkg.com/standardized-audio-context/-/standardized-audio-context-24.1.26.tgz#6c549a275cf071ba827efe21d2ea08f9bdc996fd"
  integrity sha512-Grm5EZGcg7hDmLZWbyZ/93dBzlRii9HUmRjmyyatissEzdBPxeA4Ptt9VjtYnd0mEOzxxbS222SxpbYnV57JFA==
  dependencies:
    "@babel/runtime" "^7.11.2"
    automation-events "^2.0.19"
    tslib "^2.0.1"

tone@^14.7.39:
  version "14.7.39"
  resolved "https://registry.yarnpkg.com/tone/-/tone-14.7.39.tgz#6b88146bfb31542517193313935662d87670a3f7"
  integrity sha512-lSnR8Y8PTkWaeoD4rce1MROSjxelcLwZNzLn5tzhQvP33VpurdntAm853aFO2zaGwbAEd2mAxzCgczTyDE7GBg==
  dependencies:
    standardized-audio-context "^24.1.5"
    tslib "^1.10.0"

tslib@^1.10.0:
  version "1.13.0"
  resolved "https://registry.yarnpkg.com/tslib/-/tslib-1.13.0.tgz#c881e13cc7015894ed914862d276436fa9a47043"
  integrity sha512-i/6DQjL8Xf3be4K/E6Wgpekn5Qasl1usyw++dAA35Ue5orEn65VIxOA+YvNNl9HV3qv70T7CNwjODHZrLwvd1Q==

tslib@^2.0.1:
  version "2.0.1"
  resolved "https://registry.yarnpkg.com/tslib/-/tslib-2.0.1.tgz#410eb0d113e5b6356490eec749603725b021b43e"
  integrity sha512-SgIkNheinmEBgx1IUNirK0TUD4X9yjjBRTqqjggWCU3pUEqIk3/Uwl3yRixYKT6WjQuGiwDv4NomL3wqRCj+CQ==
